
Microsoft Visual Studio Solution File, Format Version 12.00
# Visual Studio Version 16
VisualStudioVersion = 16.0.28922.388
MinimumVisualStudioVersion = 10.0.40219.1
Project("{FAE04EC0-301F-11D3-BF4B-00C04F79EFBC}") = "Gestione_Thread", "Gestione_Thread\Gestione_Thread.csproj", "{69FD003C-7599-4BD9-817D-A483722D3921}"
EndProject
Project("{FAE04EC0-301F-11D3-BF4B-00C04F79EFBC}") = "Thread2", "Thread2\Thread2.csproj", "{496C029E-8D12-4271-A5F8-A8EF6740B3B6}"
EndProject
Project("{FAE04EC0-301F-11D3-BF4B-00C04F79EFBC}") = "Thread3", "Thread3\Thread3.csproj", "{3C6A1A22-B886-4E94-BDC0-93F63ADF7790}"
EndProject
Project("{FAE04EC0-301F-11D3-BF4B-00C04F79EFBC}") = "Thread4", "Thread4\Thread4.csproj", "{96F480CE-00D9-4615-971E-4C65C8B75455}"
EndProject
Project("{FAE04EC0-301F-11D3-BF4B-00C04F79EFBC}") = "Thread5", "Thread5\Thread5.csproj", "{6747AEF3-A254-46BB-A154-F8E666717942}"
EndProject
Project("{FAE04EC0-301F-11D3-BF4B-00C04F79EFBC}") = "Thread6", "Thread6\Thread6.csproj", "{5B06E674-663F-4E65-BADC-4903CD039C55}"
EndProject
Project("{FAE04EC0-301F-11D3-BF4B-00C04F79EFBC}") = "Task1", "Task1\Task1.csproj", "{DCFE3630-8BD8-464F-A5BB-2C9156EB4EC9}"
EndProject
Project("{FAE04EC0-301F-11D3-BF4B-00C04F79EFBC}") = "Task2", "Task2\Task2.csproj", "{96FDC5EC-632C-47E4-A420-33A1AD33CBF5}"
EndProject
Project("{FAE04EC0-301F-11D3-BF4B-00C04F79EFBC}") = "Task3", "Task3\Task3.csproj", "{5813C698-2171-4C2D-A18B-2BFA936C8751}"
EndProject
Project("{FAE04EC0-301F-11D3-BF4B-00C04F79EFBC}") = "Task4", "Task4\Task4.csproj", "{67EE8230-3BE1-4DE4-9FAB-4DE823A0DF6D}"
EndProject
Global
	GlobalSection(SolutionConfigurationPlatforms) = preSolution
		Debug|Any CPU = Debug|Any CPU
		Release|Any CPU = Release|Any CPU
	EndGlobalSection
	GlobalSection(ProjectConfigurationPlatforms) = postSolution
		{69FD003C-7599-4BD9-817D-A483722D3921}.Debug|Any CPU.ActiveCfg = Debug|Any CPU
		{69FD003C-7599-4BD9-817D-A483722D3921}.Debug|Any CPU.Build.0 = Debug|Any CPU
		{69FD003C-7599-4BD9-817D-A483722D3921}.Release|Any CPU.ActiveCfg = Release|Any CPU
		{69FD003C-7599-4BD9-817D-A483722D3921}.Release|Any CPU.Build.0 = Release|Any CPU
		{496C029E-8D12-4271-A5F8-A8EF6740B3B6}.Debug|Any CPU.ActiveCfg = Debug|Any CPU
		{496C029E-8D12-4271-A5F8-A8EF6740B3B6}.Debug|Any CPU.Build.0 = Debug|Any CPU
		{496C029E-8D12-4271-A5F8-A8EF6740B3B6}.Release|Any CPU.ActiveCfg = Release|Any CPU
		{496C029E-8D12-4271-A5F8-A8EF6740B3B6}.Release|Any CPU.Build.0 = Release|Any CPU
		{3C6A1A22-B886-4E94-BDC0-93F63ADF7790}.Debug|Any CPU.ActiveCfg = Debug|Any CPU
		{3C6A1A22-B886-4E94-BDC0-93F63ADF7790}.Debug|Any CPU.Build.0 = Debug|Any CPU
		{3C6A1A22-B886-4E94-BDC0-93F63ADF7790}.Release|Any CPU.ActiveCfg = Release|Any CPU
		{3C6A1A22-B886-4E94-BDC0-93F63ADF7790}.Release|Any CPU.Build.0 = Release|Any CPU
		{96F480CE-00D9-4615-971E-4C65C8B75455}.Debug|Any CPU.ActiveCfg = Debug|Any CPU
		{96F480CE-00D9-4615-971E-4C65C8B75455}.Debug|Any CPU.Build.0 = Debug|Any CPU
		{96F480CE-00D9-4615-971E-4C65C8B75455}.Release|Any CPU.ActiveCfg = Release|Any CPU
		{96F480CE-00D9-4615-971E-4C65C8B75455}.Release|Any CPU.Build.0 = Release|Any CPU
		{6747AEF3-A254-46BB-A154-F8E666717942}.Debug|Any CPU.ActiveCfg = Debug|Any CPU
		{6747AEF3-A254-46BB-A154-F8E666717942}.Debug|Any CPU.Build.0 = Debug|Any CPU
		{6747AEF3-A254-46BB-A154-F8E666717942}.Release|Any CPU.ActiveCfg = Release|Any CPU
		{6747AEF3-A254-46BB-A154-F8E666717942}.Release|Any CPU.Build.0 = Release|Any CPU
		{5B06E674-663F-4E65-BADC-4903CD039C55}.Debug|Any CPU.ActiveCfg = Debug|Any CPU
		{5B06E674-663F-4E65-BADC-4903CD039C55}.Debug|Any CPU.Build.0 = Debug|Any CPU
		{5B06E674-663F-4E65-BADC-4903CD039C55}.Release|Any CPU.ActiveCfg = Release|Any CPU
		{5B06E674-663F-4E65-BADC-4903CD039C55}.Release|Any CPU.Build.0 = Release|Any CPU
		{DCFE3630-8BD8-464F-A5BB-2C9156EB4EC9}.Debug|Any CPU.ActiveCfg = Debug|Any CPU
		{DCFE3630-8BD8-464F-A5BB-2C9156EB4EC9}.Debug|Any CPU.Build.0 = Debug|Any CPU
		{DCFE3630-8BD8-464F-A5BB-2C9156EB4EC9}.Release|Any CPU.ActiveCfg = Release|Any CPU
		{DCFE3630-8BD8-464F-A5BB-2C9156EB4EC9}.Release|Any CPU.Build.0 = Release|Any CPU
		{96FDC5EC-632C-47E4-A420-33A1AD33CBF5}.Debug|Any CPU.ActiveCfg = Debug|Any CPU
		{96FDC5EC-632C-47E4-A420-33A1AD33CBF5}.Debug|Any CPU.Build.0 = Debug|Any CPU
		{96FDC5EC-632C-47E4-A420-33A1AD33CBF5}.Release|Any CPU.ActiveCfg = Release|Any CPU
		{96FDC5EC-632C-47E4-A420-33A1AD33CBF5}.Release|Any CPU.Build.0 = Release|Any CPU
		{5813C698-2171-4C2D-A18B-2BFA936C8751}.Debug|Any CPU.ActiveCfg = Debug|Any CPU
		{5813C698-2171-4C2D-A18B-2BFA936C8751}.Debug|Any CPU.Build.0 = Debug|Any CPU
		{5813C698-2171-4C2D-A18B-2BFA936C8751}.Release|Any CPU.ActiveCfg = Release|Any CPU
		{5813C698-2171-4C2D-A18B-2BFA936C8751}.Release|Any CPU.Build.0 = Release|Any CPU
		{67EE8230-3BE1-4DE4-9FAB-4DE823A0DF6D}.Debug|Any CPU.ActiveCfg = Debug|Any CPU
		{67EE8230-3BE1-4DE4-9FAB-4DE823A0DF6D}.Debug|Any CPU.Build.0 = Debug|Any CPU
		{67EE8230-3BE1-4DE4-9FAB-4DE823A0DF6D}.Release|Any CPU.ActiveCfg = Release|Any CPU
		{67EE8230-3BE1-4DE4-9FAB-4DE823A0DF6D}.Release|Any CPU.Build.0 = Release|Any CPU
	EndGlobalSection
	GlobalSection(SolutionProperties) = preSolution
		HideSolutionNode = FALSE
	EndGlobalSection
	GlobalSection(ExtensibilityGlobals) = postSolution
		SolutionGuid = {F4030CF0-1A38-4401-9137-83981525827E}
	EndGlobalSection
EndGlobal
